
Microsoft Visual Studio Solution File, Format Version 12.00
# Visual Studio Version 17
VisualStudioVersion = 17.0.32014.148
MinimumVisualStudioVersion = 10.0.40219.1
Project("{9A19103F-16F7-4668-BE54-9A1E7A4F7556}") = "Cbus.Gladsheimr", "Cbus.Gladsheimr\Cbus.Gladsheimr.csproj", "{E96A99F9-5C93-4F5B-AFF6-CCE50B1CDD41}"
EndProject
Project("{FAE04EC0-301F-11D3-BF4B-00C04F79EFBC}") = "Cbus.Gladsheimr.Gui", "Cbus.Gladsheimr.Gui\Cbus.Gladsheimr.Gui.csproj", "{38CBEA4B-12C9-4032-AD7E-C63366F87DA9}"
EndProject
Global
	GlobalSection(SolutionConfigurationPlatforms) = preSolution
		Debug|Any CPU = Debug|Any CPU
		Release|Any CPU = Release|Any CPU
	EndGlobalSection
	GlobalSection(ProjectConfigurationPlatforms) = postSolution
		{E96A99F9-5C93-4F5B-AFF6-CCE50B1CDD41}.Debug|Any CPU.ActiveCfg = Debug|Any CPU
		{E96A99F9-5C93-4F5B-AFF6-CCE50B1CDD41}.Debug|Any CPU.Build.0 = Debug|Any CPU
		{E96A99F9-5C93-4F5B-AFF6-CCE50B1CDD41}.Release|Any CPU.ActiveCfg = Release|Any CPU
		{E96A99F9-5C93-4F5B-AFF6-CCE50B1CDD41}.Release|Any CPU.Build.0 = Release|Any CPU
		{38CBEA4B-12C9-4032-AD7E-C63366F87DA9}.Debug|Any CPU.ActiveCfg = Debug|Any CPU
		{38CBEA4B-12C9-4032-AD7E-C63366F87DA9}.Debug|Any CPU.Build.0 = Debug|Any CPU
		{38CBEA4B-12C9-4032-AD7E-C63366F87DA9}.Release|Any CPU.ActiveCfg = Release|Any CPU
		{38CBEA4B-12C9-4032-AD7E-C63366F87DA9}.Release|Any CPU.Build.0 = Release|Any CPU
	EndGlobalSection
	GlobalSection(SolutionProperties) = preSolution
		HideSolutionNode = FALSE
	EndGlobalSection
	GlobalSection(ExtensibilityGlobals) = postSolution
		SolutionGuid = {877B853F-50D6-4183-A649-1A34835F885B}
	EndGlobalSection
EndGlobal
